
Microsoft Visual Studio Solution File, Format Version 12.00
# Visual Studio Version 17
VisualStudioVersion = 17.10.34928.147
MinimumVisualStudioVersion = 10.0.40219.1
Project("{FAE04EC0-301F-11D3-BF4B-00C04F79EFBC}") = "SecureInsight.APP", "SecureInsight.APP\SecureInsight.APP.csproj", "{A5C30E6C-F204-45E1-82F1-D7B0DAAFEE41}"
EndProject
Project("{888888A0-9F3D-457C-B088-3A5042F75D52}") = "SecureInsight.Python", "SecureInsight.Python\SecureInsight.Python.pyproj", "{91DE7B1B-E4F4-4207-A224-E05624066386}"
EndProject
Project("{FAE04EC0-301F-11D3-BF4B-00C04F79EFBC}") = "SecureInsight.Repository", "SecureInsight.Repository\SecureInsight.Repository.csproj", "{409FC246-C641-41A5-AD78-D678913D1AC2}"
EndProject
Project("{FAE04EC0-301F-11D3-BF4B-00C04F79EFBC}") = "SecureInsight.Wpf", "SecureInsight.Wpf\SecureInsight.Wpf.csproj", "{586301EA-C122-4DE6-AE39-1580CFE9B1EF}"
EndProject
Global
	GlobalSection(SolutionConfigurationPlatforms) = preSolution
		Debug|Any CPU = Debug|Any CPU
		Release|Any CPU = Release|Any CPU
	EndGlobalSection
	GlobalSection(ProjectConfigurationPlatforms) = postSolution
		{A5C30E6C-F204-45E1-82F1-D7B0DAAFEE41}.Debug|Any CPU.ActiveCfg = Debug|Any CPU
		{A5C30E6C-F204-45E1-82F1-D7B0DAAFEE41}.Debug|Any CPU.Build.0 = Debug|Any CPU
		{A5C30E6C-F204-45E1-82F1-D7B0DAAFEE41}.Release|Any CPU.ActiveCfg = Release|Any CPU
		{A5C30E6C-F204-45E1-82F1-D7B0DAAFEE41}.Release|Any CPU.Build.0 = Release|Any CPU
		{91DE7B1B-E4F4-4207-A224-E05624066386}.Debug|Any CPU.ActiveCfg = Debug|Any CPU
		{91DE7B1B-E4F4-4207-A224-E05624066386}.Release|Any CPU.ActiveCfg = Release|Any CPU
		{409FC246-C641-41A5-AD78-D678913D1AC2}.Debug|Any CPU.ActiveCfg = Debug|Any CPU
		{409FC246-C641-41A5-AD78-D678913D1AC2}.Debug|Any CPU.Build.0 = Debug|Any CPU
		{409FC246-C641-41A5-AD78-D678913D1AC2}.Release|Any CPU.ActiveCfg = Release|Any CPU
		{409FC246-C641-41A5-AD78-D678913D1AC2}.Release|Any CPU.Build.0 = Release|Any CPU
		{586301EA-C122-4DE6-AE39-1580CFE9B1EF}.Debug|Any CPU.ActiveCfg = Debug|Any CPU
		{586301EA-C122-4DE6-AE39-1580CFE9B1EF}.Debug|Any CPU.Build.0 = Debug|Any CPU
		{586301EA-C122-4DE6-AE39-1580CFE9B1EF}.Release|Any CPU.ActiveCfg = Release|Any CPU
		{586301EA-C122-4DE6-AE39-1580CFE9B1EF}.Release|Any CPU.Build.0 = Release|Any CPU
	EndGlobalSection
	GlobalSection(SolutionProperties) = preSolution
		HideSolutionNode = FALSE
	EndGlobalSection
	GlobalSection(ExtensibilityGlobals) = postSolution
		SolutionGuid = {C84BA176-D4A1-49EB-813B-527BFB71BCA7}
	EndGlobalSection
EndGlobal
